
Microsoft Visual Studio Solution File, Format Version 12.00
# Visual Studio 14
VisualStudioVersion = 14.0.25420.1
MinimumVisualStudioVersion = 10.0.40219.1
Project("{FAE04EC0-301F-11D3-BF4B-00C04F79EFBC}") = "Biblioteca", "Biblioteca\Biblioteca.csproj", "{A445E1B4-970F-4CB2-A6BB-D08CA932E5AE}"
EndProject
Project("{FAE04EC0-301F-11D3-BF4B-00C04F79EFBC}") = "TourDelCavaliere", "TourDelCavaliere\TourDelCavaliere.csproj", "{93F9CC6D-4DD1-47A7-90EB-010A0805C2EC}"
EndProject
Project("{FAE04EC0-301F-11D3-BF4B-00C04F79EFBC}") = "Es12Matches", "Es12Matches\Es12Matches.csproj", "{B8024810-67CC-40B6-81F2-4069BBA03B91}"
EndProject
Project("{2150E333-8FDC-42A3-9474-1A3956D46DE8}") = "Cinema", "Cinema", "{F6AEAC6E-B999-40DE-89BC-DAC1440C0B77}"
EndProject
Project("{FAE04EC0-301F-11D3-BF4B-00C04F79EFBC}") = "Cinema.Classes", "Cinema\Cinema.Classes\Cinema.Classes.csproj", "{E9C9D508-68B4-4A61-856A-D48746BD3232}"
EndProject
Project("{FAE04EC0-301F-11D3-BF4B-00C04F79EFBC}") = "Cinema.CLI", "Cinema\Cinema.CLI\Cinema.CLI.csproj", "{5D5EE655-6605-4B2A-96F7-41AB329828BB}"
EndProject
Project("{2150E333-8FDC-42A3-9474-1A3956D46DE8}") = "BlackJack", "BlackJack", "{823C17B0-910A-4453-8007-0D0A8AB273EB}"
EndProject
Project("{FAE04EC0-301F-11D3-BF4B-00C04F79EFBC}") = "BlackJack.CLI", "BlackJack.CLI\BlackJack.CLI.csproj", "{9B5E0233-2344-4A23-9B3B-F67A9941A9BF}"
EndProject
Project("{FAE04EC0-301F-11D3-BF4B-00C04F79EFBC}") = "BlackJack.Classes", "BlackJack.Classes\BlackJack.Classes.csproj", "{C2005EF1-D95E-491E-81CD-3DD59E0CA357}"
EndProject
Project("{FAE04EC0-301F-11D3-BF4B-00C04F79EFBC}") = "HorsePuzzleWinForms", "..\..\..\..\Downloads\HorsePuzzleWinFormsOOP\HorsePuzzleWinFormsOOP\HorsePuzzleWinForms\HorsePuzzleWinForms.csproj", "{5CC4A483-FB5B-44EA-8675-AC9014C311FB}"
EndProject
Global
	GlobalSection(SolutionConfigurationPlatforms) = preSolution
		Debug|Any CPU = Debug|Any CPU
		Release|Any CPU = Release|Any CPU
	EndGlobalSection
	GlobalSection(ProjectConfigurationPlatforms) = postSolution
		{A445E1B4-970F-4CB2-A6BB-D08CA932E5AE}.Debug|Any CPU.ActiveCfg = Debug|Any CPU
		{A445E1B4-970F-4CB2-A6BB-D08CA932E5AE}.Debug|Any CPU.Build.0 = Debug|Any CPU
		{A445E1B4-970F-4CB2-A6BB-D08CA932E5AE}.Release|Any CPU.ActiveCfg = Release|Any CPU
		{A445E1B4-970F-4CB2-A6BB-D08CA932E5AE}.Release|Any CPU.Build.0 = Release|Any CPU
		{93F9CC6D-4DD1-47A7-90EB-010A0805C2EC}.Debug|Any CPU.ActiveCfg = Debug|Any CPU
		{93F9CC6D-4DD1-47A7-90EB-010A0805C2EC}.Debug|Any CPU.Build.0 = Debug|Any CPU
		{93F9CC6D-4DD1-47A7-90EB-010A0805C2EC}.Release|Any CPU.ActiveCfg = Release|Any CPU
		{93F9CC6D-4DD1-47A7-90EB-010A0805C2EC}.Release|Any CPU.Build.0 = Release|Any CPU
		{B8024810-67CC-40B6-81F2-4069BBA03B91}.Debug|Any CPU.ActiveCfg = Debug|Any CPU
		{B8024810-67CC-40B6-81F2-4069BBA03B91}.Debug|Any CPU.Build.0 = Debug|Any CPU
		{B8024810-67CC-40B6-81F2-4069BBA03B91}.Release|Any CPU.ActiveCfg = Release|Any CPU
		{B8024810-67CC-40B6-81F2-4069BBA03B91}.Release|Any CPU.Build.0 = Release|Any CPU
		{E9C9D508-68B4-4A61-856A-D48746BD3232}.Debug|Any CPU.ActiveCfg = Debug|Any CPU
		{E9C9D508-68B4-4A61-856A-D48746BD3232}.Debug|Any CPU.Build.0 = Debug|Any CPU
		{E9C9D508-68B4-4A61-856A-D48746BD3232}.Release|Any CPU.ActiveCfg = Release|Any CPU
		{E9C9D508-68B4-4A61-856A-D48746BD3232}.Release|Any CPU.Build.0 = Release|Any CPU
		{5D5EE655-6605-4B2A-96F7-41AB329828BB}.Debug|Any CPU.ActiveCfg = Debug|Any CPU
		{5D5EE655-6605-4B2A-96F7-41AB329828BB}.Debug|Any CPU.Build.0 = Debug|Any CPU
		{5D5EE655-6605-4B2A-96F7-41AB329828BB}.Release|Any CPU.ActiveCfg = Release|Any CPU
		{5D5EE655-6605-4B2A-96F7-41AB329828BB}.Release|Any CPU.Build.0 = Release|Any CPU
		{9B5E0233-2344-4A23-9B3B-F67A9941A9BF}.Debug|Any CPU.ActiveCfg = Debug|Any CPU
		{9B5E0233-2344-4A23-9B3B-F67A9941A9BF}.Debug|Any CPU.Build.0 = Debug|Any CPU
		{9B5E0233-2344-4A23-9B3B-F67A9941A9BF}.Release|Any CPU.ActiveCfg = Release|Any CPU
		{9B5E0233-2344-4A23-9B3B-F67A9941A9BF}.Release|Any CPU.Build.0 = Release|Any CPU
		{C2005EF1-D95E-491E-81CD-3DD59E0CA357}.Debug|Any CPU.ActiveCfg = Debug|Any CPU
		{C2005EF1-D95E-491E-81CD-3DD59E0CA357}.Debug|Any CPU.Build.0 = Debug|Any CPU
		{C2005EF1-D95E-491E-81CD-3DD59E0CA357}.Release|Any CPU.ActiveCfg = Release|Any CPU
		{C2005EF1-D95E-491E-81CD-3DD59E0CA357}.Release|Any CPU.Build.0 = Release|Any CPU
		{5CC4A483-FB5B-44EA-8675-AC9014C311FB}.Debug|Any CPU.ActiveCfg = Debug|Any CPU
		{5CC4A483-FB5B-44EA-8675-AC9014C311FB}.Debug|Any CPU.Build.0 = Debug|Any CPU
		{5CC4A483-FB5B-44EA-8675-AC9014C311FB}.Release|Any CPU.ActiveCfg = Release|Any CPU
		{5CC4A483-FB5B-44EA-8675-AC9014C311FB}.Release|Any CPU.Build.0 = Release|Any CPU
	EndGlobalSection
	GlobalSection(SolutionProperties) = preSolution
		HideSolutionNode = FALSE
	EndGlobalSection
	GlobalSection(NestedProjects) = preSolution
		{E9C9D508-68B4-4A61-856A-D48746BD3232} = {F6AEAC6E-B999-40DE-89BC-DAC1440C0B77}
		{5D5EE655-6605-4B2A-96F7-41AB329828BB} = {F6AEAC6E-B999-40DE-89BC-DAC1440C0B77}
		{9B5E0233-2344-4A23-9B3B-F67A9941A9BF} = {823C17B0-910A-4453-8007-0D0A8AB273EB}
		{C2005EF1-D95E-491E-81CD-3DD59E0CA357} = {823C17B0-910A-4453-8007-0D0A8AB273EB}
	EndGlobalSection
EndGlobal
