
Microsoft Visual Studio Solution File, Format Version 12.00
# Visual Studio 14
VisualStudioVersion = 14.0.25420.1
MinimumVisualStudioVersion = 10.0.40219.1
Project("{FAE04EC0-301F-11D3-BF4B-00C04F79EFBC}") = "Biblioteca", "Biblioteca\Biblioteca.csproj", "{A445E1B4-970F-4CB2-A6BB-D08CA932E5AE}"
EndProject
Project("{FAE04EC0-301F-11D3-BF4B-00C04F79EFBC}") = "TourDelCavaliere", "TourDelCavaliere\TourDelCavaliere.csproj", "{93F9CC6D-4DD1-47A7-90EB-010A0805C2EC}"
EndProject
Project("{FAE04EC0-301F-11D3-BF4B-00C04F79EFBC}") = "Es12Matches", "Es12Matches\Es12Matches.csproj", "{B8024810-67CC-40B6-81F2-4069BBA03B91}"
EndProject
Global
	GlobalSection(SolutionConfigurationPlatforms) = preSolution
		Debug|Any CPU = Debug|Any CPU
		Release|Any CPU = Release|Any CPU
	EndGlobalSection
	GlobalSection(ProjectConfigurationPlatforms) = postSolution
		{A445E1B4-970F-4CB2-A6BB-D08CA932E5AE}.Debug|Any CPU.ActiveCfg = Debug|Any CPU
		{A445E1B4-970F-4CB2-A6BB-D08CA932E5AE}.Debug|Any CPU.Build.0 = Debug|Any CPU
		{A445E1B4-970F-4CB2-A6BB-D08CA932E5AE}.Release|Any CPU.ActiveCfg = Release|Any CPU
		{A445E1B4-970F-4CB2-A6BB-D08CA932E5AE}.Release|Any CPU.Build.0 = Release|Any CPU
		{93F9CC6D-4DD1-47A7-90EB-010A0805C2EC}.Debug|Any CPU.ActiveCfg = Debug|Any CPU
		{93F9CC6D-4DD1-47A7-90EB-010A0805C2EC}.Debug|Any CPU.Build.0 = Debug|Any CPU
		{93F9CC6D-4DD1-47A7-90EB-010A0805C2EC}.Release|Any CPU.ActiveCfg = Release|Any CPU
		{93F9CC6D-4DD1-47A7-90EB-010A0805C2EC}.Release|Any CPU.Build.0 = Release|Any CPU
		{B8024810-67CC-40B6-81F2-4069BBA03B91}.Debug|Any CPU.ActiveCfg = Debug|Any CPU
		{B8024810-67CC-40B6-81F2-4069BBA03B91}.Debug|Any CPU.Build.0 = Debug|Any CPU
		{B8024810-67CC-40B6-81F2-4069BBA03B91}.Release|Any CPU.ActiveCfg = Release|Any CPU
		{B8024810-67CC-40B6-81F2-4069BBA03B91}.Release|Any CPU.Build.0 = Release|Any CPU
	EndGlobalSection
	GlobalSection(SolutionProperties) = preSolution
		HideSolutionNode = FALSE
	EndGlobalSection
EndGlobal
