
Microsoft Visual Studio Solution File, Format Version 12.00
# Visual Studio 15
VisualStudioVersion = 15.0.26430.6
MinimumVisualStudioVersion = 10.0.40219.1
Project("{FAE04EC0-301F-11D3-BF4B-00C04F79EFBC}") = "Biblioteca", "Biblioteca\Biblioteca.csproj", "{A445E1B4-970F-4CB2-A6BB-D08CA932E5AE}"
EndProject
Project("{FAE04EC0-301F-11D3-BF4B-00C04F79EFBC}") = "TourDelCavaliere", "TourDelCavaliere\TourDelCavaliere.csproj", "{93F9CC6D-4DD1-47A7-90EB-010A0805C2EC}"
EndProject
Project("{FAE04EC0-301F-11D3-BF4B-00C04F79EFBC}") = "Es12Matches", "Es12Matches\Es12Matches.csproj", "{B8024810-67CC-40B6-81F2-4069BBA03B91}"
EndProject
Project("{2150E333-8FDC-42A3-9474-1A3956D46DE8}") = "Cinema", "Cinema", "{F6AEAC6E-B999-40DE-89BC-DAC1440C0B77}"
EndProject
Project("{FAE04EC0-301F-11D3-BF4B-00C04F79EFBC}") = "Cinema.Classes", "Cinema\Cinema.Classes\Cinema.Classes.csproj", "{E9C9D508-68B4-4A61-856A-D48746BD3232}"
EndProject
Project("{FAE04EC0-301F-11D3-BF4B-00C04F79EFBC}") = "Cinema.CLI", "Cinema\Cinema.CLI\Cinema.CLI.csproj", "{5D5EE655-6605-4B2A-96F7-41AB329828BB}"
EndProject
Project("{2150E333-8FDC-42A3-9474-1A3956D46DE8}") = "BlackJack", "BlackJack", "{823C17B0-910A-4453-8007-0D0A8AB273EB}"
EndProject
Project("{FAE04EC0-301F-11D3-BF4B-00C04F79EFBC}") = "BlackJack.CLI", "BlackJack.CLI\BlackJack.CLI.csproj", "{9B5E0233-2344-4A23-9B3B-F67A9941A9BF}"
EndProject
Project("{FAE04EC0-301F-11D3-BF4B-00C04F79EFBC}") = "BlackJack.Classes", "BlackJack.Classes\BlackJack.Classes.csproj", "{C2005EF1-D95E-491E-81CD-3DD59E0CA357}"
EndProject
Project("{FAE04EC0-301F-11D3-BF4B-00C04F79EFBC}") = "HorsePuzzleWinForms", "..\..\..\..\Downloads\HorsePuzzleWinFormsOOP\HorsePuzzleWinFormsOOP\HorsePuzzleWinForms\HorsePuzzleWinForms.csproj", "{5CC4A483-FB5B-44EA-8675-AC9014C311FB}"
EndProject
Project("{FAE04EC0-301F-11D3-BF4B-00C04F79EFBC}") = "Prove", "Prove\Prove.csproj", "{541FC00D-A085-4308-8900-77948237E70A}"
EndProject
Project("{2150E333-8FDC-42A3-9474-1A3956D46DE8}") = "Prove1", "Prove1", "{48B6E1FA-769C-4DC1-B77C-D47626762B54}"
EndProject
Project("{FAE04EC0-301F-11D3-BF4B-00C04F79EFBC}") = "MyFirstWebApp", "MyFirstWebApp\MyFirstWebApp.csproj", "{67230B21-5149-4D3D-AF7E-C8EEAD1C4E7F}"
EndProject
Project("{E24C65DC-7377-472B-9ABA-BC803B73C61A}") = "Cinema.Web", "Cinema\Cinema.Web\", "{B031026F-4F0B-4C56-8F7D-7C7B5FAF6B67}"
	ProjectSection(WebsiteProperties) = preProject
		TargetFrameworkMoniker = ".NETFramework,Version%3Dv4.6"
		ProjectReferences = "{e9c9d508-68b4-4a61-856a-d48746bd3232}|Cinema.Classes.dll;"
		Debug.AspNetCompiler.VirtualPath = "/localhost_51278"
		Debug.AspNetCompiler.PhysicalPath = "Cinema\Cinema.Web\"
		Debug.AspNetCompiler.TargetPath = "PrecompiledWeb\localhost_51278\"
		Debug.AspNetCompiler.Updateable = "true"
		Debug.AspNetCompiler.ForceOverwrite = "true"
		Debug.AspNetCompiler.FixedNames = "false"
		Debug.AspNetCompiler.Debug = "True"
		Release.AspNetCompiler.VirtualPath = "/localhost_51278"
		Release.AspNetCompiler.PhysicalPath = "Cinema\Cinema.Web\"
		Release.AspNetCompiler.TargetPath = "PrecompiledWeb\localhost_51278\"
		Release.AspNetCompiler.Updateable = "true"
		Release.AspNetCompiler.ForceOverwrite = "true"
		Release.AspNetCompiler.FixedNames = "false"
		Release.AspNetCompiler.Debug = "False"
		VWDPort = "51278"
		SlnRelativePath = "Cinema\Cinema.Web\"
		DefaultWebSiteLanguage = "Visual C#"
	EndProjectSection
EndProject
Global
	GlobalSection(SolutionConfigurationPlatforms) = preSolution
		Debug|Any CPU = Debug|Any CPU
		Release|Any CPU = Release|Any CPU
	EndGlobalSection
	GlobalSection(ProjectConfigurationPlatforms) = postSolution
		{A445E1B4-970F-4CB2-A6BB-D08CA932E5AE}.Debug|Any CPU.ActiveCfg = Debug|Any CPU
		{A445E1B4-970F-4CB2-A6BB-D08CA932E5AE}.Debug|Any CPU.Build.0 = Debug|Any CPU
		{A445E1B4-970F-4CB2-A6BB-D08CA932E5AE}.Release|Any CPU.ActiveCfg = Release|Any CPU
		{A445E1B4-970F-4CB2-A6BB-D08CA932E5AE}.Release|Any CPU.Build.0 = Release|Any CPU
		{93F9CC6D-4DD1-47A7-90EB-010A0805C2EC}.Debug|Any CPU.ActiveCfg = Debug|Any CPU
		{93F9CC6D-4DD1-47A7-90EB-010A0805C2EC}.Debug|Any CPU.Build.0 = Debug|Any CPU
		{93F9CC6D-4DD1-47A7-90EB-010A0805C2EC}.Release|Any CPU.ActiveCfg = Release|Any CPU
		{93F9CC6D-4DD1-47A7-90EB-010A0805C2EC}.Release|Any CPU.Build.0 = Release|Any CPU
		{B8024810-67CC-40B6-81F2-4069BBA03B91}.Debug|Any CPU.ActiveCfg = Debug|Any CPU
		{B8024810-67CC-40B6-81F2-4069BBA03B91}.Debug|Any CPU.Build.0 = Debug|Any CPU
		{B8024810-67CC-40B6-81F2-4069BBA03B91}.Release|Any CPU.ActiveCfg = Release|Any CPU
		{B8024810-67CC-40B6-81F2-4069BBA03B91}.Release|Any CPU.Build.0 = Release|Any CPU
		{E9C9D508-68B4-4A61-856A-D48746BD3232}.Debug|Any CPU.ActiveCfg = Debug|Any CPU
		{E9C9D508-68B4-4A61-856A-D48746BD3232}.Debug|Any CPU.Build.0 = Debug|Any CPU
		{E9C9D508-68B4-4A61-856A-D48746BD3232}.Release|Any CPU.ActiveCfg = Release|Any CPU
		{E9C9D508-68B4-4A61-856A-D48746BD3232}.Release|Any CPU.Build.0 = Release|Any CPU
		{5D5EE655-6605-4B2A-96F7-41AB329828BB}.Debug|Any CPU.ActiveCfg = Debug|Any CPU
		{5D5EE655-6605-4B2A-96F7-41AB329828BB}.Debug|Any CPU.Build.0 = Debug|Any CPU
		{5D5EE655-6605-4B2A-96F7-41AB329828BB}.Release|Any CPU.ActiveCfg = Release|Any CPU
		{5D5EE655-6605-4B2A-96F7-41AB329828BB}.Release|Any CPU.Build.0 = Release|Any CPU
		{9B5E0233-2344-4A23-9B3B-F67A9941A9BF}.Debug|Any CPU.ActiveCfg = Debug|Any CPU
		{9B5E0233-2344-4A23-9B3B-F67A9941A9BF}.Debug|Any CPU.Build.0 = Debug|Any CPU
		{9B5E0233-2344-4A23-9B3B-F67A9941A9BF}.Release|Any CPU.ActiveCfg = Release|Any CPU
		{9B5E0233-2344-4A23-9B3B-F67A9941A9BF}.Release|Any CPU.Build.0 = Release|Any CPU
		{C2005EF1-D95E-491E-81CD-3DD59E0CA357}.Debug|Any CPU.ActiveCfg = Debug|Any CPU
		{C2005EF1-D95E-491E-81CD-3DD59E0CA357}.Debug|Any CPU.Build.0 = Debug|Any CPU
		{C2005EF1-D95E-491E-81CD-3DD59E0CA357}.Release|Any CPU.ActiveCfg = Release|Any CPU
		{C2005EF1-D95E-491E-81CD-3DD59E0CA357}.Release|Any CPU.Build.0 = Release|Any CPU
		{5CC4A483-FB5B-44EA-8675-AC9014C311FB}.Debug|Any CPU.ActiveCfg = Debug|Any CPU
		{5CC4A483-FB5B-44EA-8675-AC9014C311FB}.Debug|Any CPU.Build.0 = Debug|Any CPU
		{5CC4A483-FB5B-44EA-8675-AC9014C311FB}.Release|Any CPU.ActiveCfg = Release|Any CPU
		{5CC4A483-FB5B-44EA-8675-AC9014C311FB}.Release|Any CPU.Build.0 = Release|Any CPU
		{541FC00D-A085-4308-8900-77948237E70A}.Debug|Any CPU.ActiveCfg = Debug|Any CPU
		{541FC00D-A085-4308-8900-77948237E70A}.Debug|Any CPU.Build.0 = Debug|Any CPU
		{541FC00D-A085-4308-8900-77948237E70A}.Release|Any CPU.ActiveCfg = Release|Any CPU
		{541FC00D-A085-4308-8900-77948237E70A}.Release|Any CPU.Build.0 = Release|Any CPU
		{67230B21-5149-4D3D-AF7E-C8EEAD1C4E7F}.Debug|Any CPU.ActiveCfg = Debug|Any CPU
		{67230B21-5149-4D3D-AF7E-C8EEAD1C4E7F}.Debug|Any CPU.Build.0 = Debug|Any CPU
		{67230B21-5149-4D3D-AF7E-C8EEAD1C4E7F}.Release|Any CPU.ActiveCfg = Release|Any CPU
		{67230B21-5149-4D3D-AF7E-C8EEAD1C4E7F}.Release|Any CPU.Build.0 = Release|Any CPU
		{B031026F-4F0B-4C56-8F7D-7C7B5FAF6B67}.Debug|Any CPU.ActiveCfg = Debug|Any CPU
		{B031026F-4F0B-4C56-8F7D-7C7B5FAF6B67}.Debug|Any CPU.Build.0 = Debug|Any CPU
		{B031026F-4F0B-4C56-8F7D-7C7B5FAF6B67}.Release|Any CPU.ActiveCfg = Debug|Any CPU
		{B031026F-4F0B-4C56-8F7D-7C7B5FAF6B67}.Release|Any CPU.Build.0 = Debug|Any CPU
	EndGlobalSection
	GlobalSection(SolutionProperties) = preSolution
		HideSolutionNode = FALSE
	EndGlobalSection
	GlobalSection(NestedProjects) = preSolution
		{E9C9D508-68B4-4A61-856A-D48746BD3232} = {F6AEAC6E-B999-40DE-89BC-DAC1440C0B77}
		{5D5EE655-6605-4B2A-96F7-41AB329828BB} = {F6AEAC6E-B999-40DE-89BC-DAC1440C0B77}
		{9B5E0233-2344-4A23-9B3B-F67A9941A9BF} = {823C17B0-910A-4453-8007-0D0A8AB273EB}
		{C2005EF1-D95E-491E-81CD-3DD59E0CA357} = {823C17B0-910A-4453-8007-0D0A8AB273EB}
		{67230B21-5149-4D3D-AF7E-C8EEAD1C4E7F} = {48B6E1FA-769C-4DC1-B77C-D47626762B54}
		{B031026F-4F0B-4C56-8F7D-7C7B5FAF6B67} = {F6AEAC6E-B999-40DE-89BC-DAC1440C0B77}
	EndGlobalSection
EndGlobal
